
Microsoft Visual Studio Solution File, Format Version 12.00
# Visual Studio Version 17
VisualStudioVersion = 17.5.33530.505
MinimumVisualStudioVersion = 10.0.40219.1
Project("{9A19103F-16F7-4668-BE54-9A1E7A4F7556}") = "task_1", "task_1.csproj", "{E24CA711-4329-45C7-BBF8-7F741C932348}"
EndProject
Project("{9A19103F-16F7-4668-BE54-9A1E7A4F7556}") = "task_2", "..\task_2\task_2.csproj", "{2D4B3713-D4B6-4B5B-A985-47C49065A079}"
EndProject
Project("{9A19103F-16F7-4668-BE54-9A1E7A4F7556}") = "task_3", "..\task_3\task_3.csproj", "{B1A21201-3BEA-40C3-928A-43AA7746C4F1}"
EndProject
Project("{FAE04EC0-301F-11D3-BF4B-00C04F79EFBC}") = "task_4", "..\task_4\task_4.csproj", "{F5A2E20F-BBDD-43CC-B003-AA12916F5957}"
EndProject
Project("{FAE04EC0-301F-11D3-BF4B-00C04F79EFBC}") = "task_5", "..\task_5\task_5.csproj", "{7FF602CE-3431-471F-837F-166596860B48}"
EndProject
Project("{FAE04EC0-301F-11D3-BF4B-00C04F79EFBC}") = "task_6", "..\task_6\task_6.csproj", "{64989635-6EA5-4B5D-A822-CF794478F495}"
EndProject
Global
	GlobalSection(SolutionConfigurationPlatforms) = preSolution
		Debug|Any CPU = Debug|Any CPU
		Release|Any CPU = Release|Any CPU
	EndGlobalSection
	GlobalSection(ProjectConfigurationPlatforms) = postSolution
		{E24CA711-4329-45C7-BBF8-7F741C932348}.Debug|Any CPU.ActiveCfg = Debug|Any CPU
		{E24CA711-4329-45C7-BBF8-7F741C932348}.Debug|Any CPU.Build.0 = Debug|Any CPU
		{E24CA711-4329-45C7-BBF8-7F741C932348}.Release|Any CPU.ActiveCfg = Release|Any CPU
		{E24CA711-4329-45C7-BBF8-7F741C932348}.Release|Any CPU.Build.0 = Release|Any CPU
		{2D4B3713-D4B6-4B5B-A985-47C49065A079}.Debug|Any CPU.ActiveCfg = Debug|Any CPU
		{2D4B3713-D4B6-4B5B-A985-47C49065A079}.Debug|Any CPU.Build.0 = Debug|Any CPU
		{2D4B3713-D4B6-4B5B-A985-47C49065A079}.Release|Any CPU.ActiveCfg = Release|Any CPU
		{2D4B3713-D4B6-4B5B-A985-47C49065A079}.Release|Any CPU.Build.0 = Release|Any CPU
		{B1A21201-3BEA-40C3-928A-43AA7746C4F1}.Debug|Any CPU.ActiveCfg = Debug|Any CPU
		{B1A21201-3BEA-40C3-928A-43AA7746C4F1}.Debug|Any CPU.Build.0 = Debug|Any CPU
		{B1A21201-3BEA-40C3-928A-43AA7746C4F1}.Release|Any CPU.ActiveCfg = Release|Any CPU
		{B1A21201-3BEA-40C3-928A-43AA7746C4F1}.Release|Any CPU.Build.0 = Release|Any CPU
		{F5A2E20F-BBDD-43CC-B003-AA12916F5957}.Debug|Any CPU.ActiveCfg = Debug|Any CPU
		{F5A2E20F-BBDD-43CC-B003-AA12916F5957}.Debug|Any CPU.Build.0 = Debug|Any CPU
		{F5A2E20F-BBDD-43CC-B003-AA12916F5957}.Release|Any CPU.ActiveCfg = Release|Any CPU
		{F5A2E20F-BBDD-43CC-B003-AA12916F5957}.Release|Any CPU.Build.0 = Release|Any CPU
		{7FF602CE-3431-471F-837F-166596860B48}.Debug|Any CPU.ActiveCfg = Debug|Any CPU
		{7FF602CE-3431-471F-837F-166596860B48}.Debug|Any CPU.Build.0 = Debug|Any CPU
		{7FF602CE-3431-471F-837F-166596860B48}.Release|Any CPU.ActiveCfg = Release|Any CPU
		{7FF602CE-3431-471F-837F-166596860B48}.Release|Any CPU.Build.0 = Release|Any CPU
		{64989635-6EA5-4B5D-A822-CF794478F495}.Debug|Any CPU.ActiveCfg = Debug|Any CPU
		{64989635-6EA5-4B5D-A822-CF794478F495}.Debug|Any CPU.Build.0 = Debug|Any CPU
		{64989635-6EA5-4B5D-A822-CF794478F495}.Release|Any CPU.ActiveCfg = Release|Any CPU
		{64989635-6EA5-4B5D-A822-CF794478F495}.Release|Any CPU.Build.0 = Release|Any CPU
	EndGlobalSection
	GlobalSection(SolutionProperties) = preSolution
		HideSolutionNode = FALSE
	EndGlobalSection
	GlobalSection(ExtensibilityGlobals) = postSolution
		SolutionGuid = {73B93BF1-3F21-4132-89E5-2AE11F0508F0}
	EndGlobalSection
EndGlobal
